
Microsoft Visual Studio Solution File, Format Version 12.00
# Visual Studio Version 17
VisualStudioVersion = 17.9.34728.123
MinimumVisualStudioVersion = 10.0.40219.1
Project("{FAE04EC0-301F-11D3-BF4B-00C04F79EFBC}") = "Evershop.Tests.API", "Evershop.Tests.API\Evershop.Tests.API.csproj", "{9E32D5A9-D3A5-494C-8661-87FD8BE184F6}"
EndProject
Global
	GlobalSection(SolutionConfigurationPlatforms) = preSolution
		Debug|Any CPU = Debug|Any CPU
		Release|Any CPU = Release|Any CPU
	EndGlobalSection
	GlobalSection(ProjectConfigurationPlatforms) = postSolution
		{9E32D5A9-D3A5-494C-8661-87FD8BE184F6}.Debug|Any CPU.ActiveCfg = Debug|Any CPU
		{9E32D5A9-D3A5-494C-8661-87FD8BE184F6}.Debug|Any CPU.Build.0 = Debug|Any CPU
		{9E32D5A9-D3A5-494C-8661-87FD8BE184F6}.Release|Any CPU.ActiveCfg = Release|Any CPU
		{9E32D5A9-D3A5-494C-8661-87FD8BE184F6}.Release|Any CPU.Build.0 = Release|Any CPU
	EndGlobalSection
	GlobalSection(SolutionProperties) = preSolution
		HideSolutionNode = FALSE
	EndGlobalSection
	GlobalSection(ExtensibilityGlobals) = postSolution
		SolutionGuid = {E92F9D30-A54C-4ED8-80F0-53E7786ED361}
	EndGlobalSection
EndGlobal
